
Microsoft Visual Studio Solution File, Format Version 12.00
# Visual Studio 14
VisualStudioVersion = 14.0.23107.0
MinimumVisualStudioVersion = 10.0.40219.1
Project("{FAE04EC0-301F-11D3-BF4B-00C04F79EFBC}") = "DhtCore", "DHT\DhtCore.csproj", "{0F00FE6C-CC5A-450A-92DB-33D7A1AA1EDB}"
EndProject
Project("{FAE04EC0-301F-11D3-BF4B-00C04F79EFBC}") = "DhtTests", "DHT.Tests\DhtTests.csproj", "{C0DF25D4-AC2C-4453-897F-351BFBB1D059}"
EndProject
Project("{FAE04EC0-301F-11D3-BF4B-00C04F79EFBC}") = "DhtNodeFactory", "DhtNodeFactory\DhtNodeFactory.csproj", "{83EEF16C-0F94-4BBC-9E0A-50F0A2094BA3}"
EndProject
Project("{FAE04EC0-301F-11D3-BF4B-00C04F79EFBC}") = "DhtNode", "DhtNode\DhtNode.csproj", "{CFF6AFA6-9E43-4576-BE92-2B3BB2F86EA9}"
EndProject
Global
	GlobalSection(SolutionConfigurationPlatforms) = preSolution
		Debug|Any CPU = Debug|Any CPU
		Release|Any CPU = Release|Any CPU
	EndGlobalSection
	GlobalSection(ProjectConfigurationPlatforms) = postSolution
		{0F00FE6C-CC5A-450A-92DB-33D7A1AA1EDB}.Debug|Any CPU.ActiveCfg = Debug|Any CPU
		{0F00FE6C-CC5A-450A-92DB-33D7A1AA1EDB}.Debug|Any CPU.Build.0 = Debug|Any CPU
		{0F00FE6C-CC5A-450A-92DB-33D7A1AA1EDB}.Release|Any CPU.ActiveCfg = Release|Any CPU
		{0F00FE6C-CC5A-450A-92DB-33D7A1AA1EDB}.Release|Any CPU.Build.0 = Release|Any CPU
		{C0DF25D4-AC2C-4453-897F-351BFBB1D059}.Debug|Any CPU.ActiveCfg = Debug|Any CPU
		{C0DF25D4-AC2C-4453-897F-351BFBB1D059}.Debug|Any CPU.Build.0 = Debug|Any CPU
		{C0DF25D4-AC2C-4453-897F-351BFBB1D059}.Release|Any CPU.ActiveCfg = Release|Any CPU
		{C0DF25D4-AC2C-4453-897F-351BFBB1D059}.Release|Any CPU.Build.0 = Release|Any CPU
		{83EEF16C-0F94-4BBC-9E0A-50F0A2094BA3}.Debug|Any CPU.ActiveCfg = Debug|Any CPU
		{83EEF16C-0F94-4BBC-9E0A-50F0A2094BA3}.Debug|Any CPU.Build.0 = Debug|Any CPU
		{83EEF16C-0F94-4BBC-9E0A-50F0A2094BA3}.Release|Any CPU.ActiveCfg = Release|Any CPU
		{83EEF16C-0F94-4BBC-9E0A-50F0A2094BA3}.Release|Any CPU.Build.0 = Release|Any CPU
		{CFF6AFA6-9E43-4576-BE92-2B3BB2F86EA9}.Debug|Any CPU.ActiveCfg = Debug|Any CPU
		{CFF6AFA6-9E43-4576-BE92-2B3BB2F86EA9}.Debug|Any CPU.Build.0 = Debug|Any CPU
		{CFF6AFA6-9E43-4576-BE92-2B3BB2F86EA9}.Release|Any CPU.ActiveCfg = Release|Any CPU
		{CFF6AFA6-9E43-4576-BE92-2B3BB2F86EA9}.Release|Any CPU.Build.0 = Release|Any CPU
	EndGlobalSection
	GlobalSection(SolutionProperties) = preSolution
		HideSolutionNode = FALSE
	EndGlobalSection
EndGlobal
